
Microsoft Visual Studio Solution File, Format Version 12.00
# Visual Studio Version 16
VisualStudioVersion = 16.0.29905.134
MinimumVisualStudioVersion = 10.0.40219.1
Project("{2150E333-8FDC-42A3-9474-1A3956D46DE8}") = "Analyzers", "Analyzers", "{1272C054-3E92-4EBD-AC92-E71F8B843359}"
EndProject
Project("{2150E333-8FDC-42A3-9474-1A3956D46DE8}") = "Hosts", "Hosts", "{2180AC92-9814-49AA-BA42-FDAE4D93557E}"
EndProject
Project("{9A19103F-16F7-4668-BE54-9A1E7A4F7556}") = "Roslyn.Hosts.WebApp", "Roslyn.Hosts.WebApp\Roslyn.Hosts.WebApp.csproj", "{7017E650-48D2-45E1-BB8D-F4637032D30C}"
EndProject
Project("{2150E333-8FDC-42A3-9474-1A3956D46DE8}") = "Stylistic", "Stylistic", "{359C04BC-F06C-4CD0-A415-6266096636FB}"
EndProject
Project("{9A19103F-16F7-4668-BE54-9A1E7A4F7556}") = "Roslyn.Analyzers.Stylistic", "Roslyn.Stylistic\Roslyn.Stylistic.Analyzers\Roslyn.Stylistic.Analyzers.csproj", "{587F3FDD-6D8C-40BF-A14D-9014F8D4F83E}"
EndProject
Project("{FAE04EC0-301F-11D3-BF4B-00C04F79EFBC}") = "Roslyn.Analyzers.Stylistic.Vsix", "Roslyn.Stylistic\Roslyn.Stylistic.Analyzers.Vsix\Roslyn.Stylistic.Analyzers.Vsix.csproj", "{C4748DAF-1AC6-45FB-916C-726DA9606FB4}"
EndProject
Global
	GlobalSection(SolutionConfigurationPlatforms) = preSolution
		Debug|Any CPU = Debug|Any CPU
		Release|Any CPU = Release|Any CPU
	EndGlobalSection
	GlobalSection(ProjectConfigurationPlatforms) = postSolution
		{7017E650-48D2-45E1-BB8D-F4637032D30C}.Debug|Any CPU.ActiveCfg = Debug|Any CPU
		{7017E650-48D2-45E1-BB8D-F4637032D30C}.Debug|Any CPU.Build.0 = Debug|Any CPU
		{7017E650-48D2-45E1-BB8D-F4637032D30C}.Release|Any CPU.ActiveCfg = Release|Any CPU
		{7017E650-48D2-45E1-BB8D-F4637032D30C}.Release|Any CPU.Build.0 = Release|Any CPU
		{587F3FDD-6D8C-40BF-A14D-9014F8D4F83E}.Debug|Any CPU.ActiveCfg = Debug|Any CPU
		{587F3FDD-6D8C-40BF-A14D-9014F8D4F83E}.Debug|Any CPU.Build.0 = Debug|Any CPU
		{587F3FDD-6D8C-40BF-A14D-9014F8D4F83E}.Release|Any CPU.ActiveCfg = Release|Any CPU
		{587F3FDD-6D8C-40BF-A14D-9014F8D4F83E}.Release|Any CPU.Build.0 = Release|Any CPU
		{C4748DAF-1AC6-45FB-916C-726DA9606FB4}.Debug|Any CPU.ActiveCfg = Debug|Any CPU
		{C4748DAF-1AC6-45FB-916C-726DA9606FB4}.Debug|Any CPU.Build.0 = Debug|Any CPU
		{C4748DAF-1AC6-45FB-916C-726DA9606FB4}.Release|Any CPU.ActiveCfg = Release|Any CPU
		{C4748DAF-1AC6-45FB-916C-726DA9606FB4}.Release|Any CPU.Build.0 = Release|Any CPU
	EndGlobalSection
	GlobalSection(SolutionProperties) = preSolution
		HideSolutionNode = FALSE
	EndGlobalSection
	GlobalSection(NestedProjects) = preSolution
		{7017E650-48D2-45E1-BB8D-F4637032D30C} = {2180AC92-9814-49AA-BA42-FDAE4D93557E}
		{359C04BC-F06C-4CD0-A415-6266096636FB} = {1272C054-3E92-4EBD-AC92-E71F8B843359}
		{587F3FDD-6D8C-40BF-A14D-9014F8D4F83E} = {359C04BC-F06C-4CD0-A415-6266096636FB}
		{C4748DAF-1AC6-45FB-916C-726DA9606FB4} = {359C04BC-F06C-4CD0-A415-6266096636FB}
	EndGlobalSection
	GlobalSection(ExtensibilityGlobals) = postSolution
		SolutionGuid = {D3923142-2827-4D42-8BEC-D9C940B735E6}
	EndGlobalSection
EndGlobal
